Microsoft Visual Studio Solution File, Format Version 12.00
# Visual Studio 2012
Project("{FAE04EC0-301F-11D3-BF4B-00C04F79EFBC}") = "GameJam49Game", "GameJam49Game.csproj", "{CDB31D8B-C485-47ED-9057-031CD5A21775}"
EndProject
Global
	GlobalSection(SolutionConfigurationPlatforms) = preSolution
	Debug|Any CPU = Debug|Any CPU
	ExportDebug|Any CPU = ExportDebug|Any CPU
	ExportRelease|Any CPU = ExportRelease|Any CPU
	EndGlobalSection
	GlobalSection(ProjectConfigurationPlatforms) = postSolution
		{CDB31D8B-C485-47ED-9057-031CD5A21775}.Debug|Any CPU.ActiveCfg = Debug|Any CPU
		{CDB31D8B-C485-47ED-9057-031CD5A21775}.Debug|Any CPU.Build.0 = Debug|Any CPU
		{CDB31D8B-C485-47ED-9057-031CD5A21775}.ExportDebug|Any CPU.ActiveCfg = ExportDebug|Any CPU
		{CDB31D8B-C485-47ED-9057-031CD5A21775}.ExportDebug|Any CPU.Build.0 = ExportDebug|Any CPU
		{CDB31D8B-C485-47ED-9057-031CD5A21775}.ExportRelease|Any CPU.ActiveCfg = ExportRelease|Any CPU
		{CDB31D8B-C485-47ED-9057-031CD5A21775}.ExportRelease|Any CPU.Build.0 = ExportRelease|Any CPU
	EndGlobalSection
EndGlobal
